gopkg.in/h2non/filetype.v1 v1.0.5 h1:CC1jjJjoEhNVbMhXYalmGBhOBK2V70Q1N850wt/98/Y=
gopkg.in/h2non/filetype.v1 v1.0.5/go.mod h1:M0yem4rwSX5lLVrkEuRRp2/NinFMD5vgJ4DlAhZcfNo=
yall.in v0.0.1 h1:oQkgnFIY1GmRmWLXjat+Lt8KE/yD3PbEYP7lt71utpo=
yall.in v0.0.1/go.mod h1:sihZtLjLdINMcMiqCZ6juYVK9XuWt1RaMwGnwGlK1ag=
